github.com/EmiiFernandez/go_course_my_package v1.0.1 h1:jVP10ioRi4oSOPiSTX9lU1BsTcm9D5AMb4lt7qMpsfY=
github.com/EmiiFernandez/go_course_my_package v1.0.1/go.mod h1:PntocZ6gup7vQDJITYC4QAWfjnuHIBRvX+5uRwWH/FQ=
github.com/google/uuid v1.6.0 h1:NIvaJDMOsjHA8n1jAhLSgzrAzy1Hgr+hNrb57e+94F0=
github.com/google/uuid v1.6.0/go.mod h1:TIyPZe4MgqvfeYDBFedMoGGpEw/LqOeaOT+nhxU+yHo=
